<?xml version="1.0" encoding="utf-8"?>
<Project ToolsVersion="4.0" xmlns="http://schemas.microsoft.com/developer/msbuild/2003">
  <ItemGroup>
    <Filter Include="소스 파일">
      <UniqueIdentifier>{4FC737F1-C7A5-4376-A066-2A32D752A2FF}</UniqueIdentifier>
      <Extensions>cpp;c;cc;cxx;def;odl;idl;hpj;bat;asm;asmx</Extensions>
    </Filter>
    <Filter Include="헤더 파일">
      <UniqueIdentifier>{93995380-89BD-4b04-88EB-625FBE52EBFB}</UniqueIdentifier>
      <Extensions>h;hh;hpp;hxx;hm;inl;inc;ipp;xsd</Extensions>
    </Filter>
    <Filter Include="리소스 파일">
      <UniqueIdentifier>{67DA6AB6-F800-4c08-8B7A-83BB121AAD01}</UniqueIdentifier>
      <Extensions>rc;ico;cur;bmp;dlg;rc2;rct;bin;rgs;gif;jpg;jpeg;jpe;resx;tiff;tif;png;wav;mfcribbon-ms</Extensions>
    </Filter>
  </ItemGroup>
  <ItemGroup>
    <ClCompile Include="..\1018.cpp">
      <Filter>소스 파일</Filter>
    </ClCompile>
    <ClCompile Include="..\1021.cpp">
      <Filter>소스 파일</Filter>
    </ClCompile>
    <ClCompile Include="..\1100.cpp">
      <Filter>소스 파일</Filter>
    </ClCompile>
    <ClCompile Include="..\1158.cpp">
      <Filter>소스 파일</Filter>
    </ClCompile>
    <ClCompile Include="..\1436.cpp">
      <Filter>소스 파일</Filter>
    </ClCompile>
    <ClCompile Include="..\1541.cpp">
      <Filter>소스 파일</Filter>
    </ClCompile>
    <ClCompile Include="..\2164.cpp">
      <Filter>소스 파일</Filter>
    </ClCompile>
    <ClCompile Include="..\2231.cpp">
      <Filter>소스 파일</Filter>
    </ClCompile>
    <ClCompile Include="..\2263.cpp">
      <Filter>소스 파일</Filter>
    </ClCompile>
    <ClCompile Include="..\2309.cpp">
      <Filter>소스 파일</Filter>
    </ClCompile>
    <ClCompile Include="..\2747.cpp">
      <Filter>소스 파일</Filter>
    </ClCompile>
    <ClCompile Include="..\2839.cpp">
      <Filter>소스 파일</Filter>
    </ClCompile>
    <ClCompile Include="..\7568.cpp">
      <Filter>소스 파일</Filter>
    </ClCompile>
    <ClCompile Include="..\9012.cpp">
      <Filter>소스 파일</Filter>
    </ClCompile>
    <ClCompile Include="..\9461.cpp">
      <Filter>소스 파일</Filter>
    </ClCompile>
    <ClCompile Include="..\11047.cpp">
      <Filter>소스 파일</Filter>
    </ClCompile>
    <ClCompile Include="..\11066.cpp">
      <Filter>소스 파일</Filter>
    </ClCompile>
    <ClCompile Include="..\11399.cpp">
      <Filter>소스 파일</Filter>
    </ClCompile>
    <ClCompile Include="..\11726.cpp">
      <Filter>소스 파일</Filter>
    </ClCompile>
    <ClCompile Include="..\CodingSpace.cpp">
      <Filter>소스 파일</Filter>
    </ClCompile>
    <ClCompile Include="1011.cpp">
      <Filter>소스 파일</Filter>
    </ClCompile>
    <ClCompile Include="10773.cpp">
      <Filter>소스 파일</Filter>
    </ClCompile>
    <ClCompile Include="9251.cpp">
      <Filter>소스 파일</Filter>
    </ClCompile>
    <ClCompile Include="15483.cpp">
      <Filter>소스 파일</Filter>
    </ClCompile>
    <ClCompile Include="1931.cpp">
      <Filter>소스 파일</Filter>
    </ClCompile>
    <ClCompile Include="1946%28timelimitexceeded%29.cpp">
      <Filter>소스 파일</Filter>
    </ClCompile>
    <ClCompile Include="11053.cpp">
      <Filter>소스 파일</Filter>
    </ClCompile>
    <ClCompile Include="11365.cpp">
      <Filter>소스 파일</Filter>
    </ClCompile>
    <ClCompile Include="10171.cpp">
      <Filter>소스 파일</Filter>
    </ClCompile>
    <ClCompile Include="10172.cpp">
      <Filter>소스 파일</Filter>
    </ClCompile>
    <ClCompile Include="1001.cpp">
      <Filter>소스 파일</Filter>
    </ClCompile>
    <ClCompile Include="1008.cpp">
      <Filter>소스 파일</Filter>
    </ClCompile>
    <ClCompile Include="2588.cpp">
      <Filter>소스 파일</Filter>
    </ClCompile>
    <ClCompile Include="1330.cpp">
      <Filter>소스 파일</Filter>
    </ClCompile>
    <ClCompile Include="2753.cpp">
      <Filter>소스 파일</Filter>
    </ClCompile>
    <ClCompile Include="1076.cpp">
      <Filter>소스 파일</Filter>
    </ClCompile>
    <ClCompile Include="10950.cpp">
      <Filter>소스 파일</Filter>
    </ClCompile>
    <ClCompile Include="1629%28범위초과%29.cpp">
      <Filter>소스 파일</Filter>
    </ClCompile>
    <ClCompile Include="15552.cpp">
      <Filter>소스 파일</Filter>
    </ClCompile>
    <ClCompile Include="11021.cpp">
      <Filter>소스 파일</Filter>
    </ClCompile>
    <ClCompile Include="11022.cpp">
      <Filter>소스 파일</Filter>
    </ClCompile>
    <ClCompile Include="10952.cpp">
      <Filter>소스 파일</Filter>
    </ClCompile>
    <ClCompile Include="1110.cpp">
      <Filter>소스 파일</Filter>
    </ClCompile>
    <ClCompile Include="2562.cpp">
      <Filter>소스 파일</Filter>
    </ClCompile>
    <ClCompile Include="2920.cpp">
      <Filter>소스 파일</Filter>
    </ClCompile>
    <ClCompile Include="3052.cpp">
      <Filter>소스 파일</Filter>
    </ClCompile>
    <ClCompile Include="1546.cpp">
      <Filter>소스 파일</Filter>
    </ClCompile>
    <ClCompile Include="4344.cpp">
      <Filter>소스 파일</Filter>
    </ClCompile>
    <ClCompile Include="15596.cpp">
      <Filter>소스 파일</Filter>
    </ClCompile>
    <ClCompile Include="4673%28ing%29.cpp">
      <Filter>소스 파일</Filter>
    </ClCompile>
    <ClCompile Include="2675.cpp">
      <Filter>소스 파일</Filter>
    </ClCompile>
    <ClCompile Include="1157%28조금수정해야함%29.cpp">
      <Filter>소스 파일</Filter>
    </ClCompile>
  </ItemGroup>
</Project>